
Microsoft Visual Studio Solution File, Format Version 12.00
# Visual Studio Version 17
VisualStudioVersion = 17.5.33502.453
MinimumVisualStudioVersion = 10.0.40219.1
Project("{9A19103F-16F7-4668-BE54-9A1E7A4F7556}") = "OOP1", "OOP1\OOP1.csproj", "{132ED144-47DC-423E-9467-875A88305774}"
EndProject
Project("{9A19103F-16F7-4668-BE54-9A1E7A4F7556}") = "Collections", "Collections\Collections.csproj", "{E4746470-BF04-4433-BDAD-1F4005ECB66C}"
EndProject
Project("{9A19103F-16F7-4668-BE54-9A1E7A4F7556}") = "GenericsIntro", "GenericsIntro\GenericsIntro.csproj", "{DF841EE4-954F-42F3-B91B-A21AD377150C}"
EndProject
Project("{FAE04EC0-301F-11D3-BF4B-00C04F79EFBC}") = "ReferencesTypes", "ReferencesTypes\ReferencesTypes.csproj", "{C7CF913E-C697-45A9-A99B-67B34002D4E5}"
EndProject
Project("{FAE04EC0-301F-11D3-BF4B-00C04F79EFBC}") = "ReferencesTypesDemo", "ReferencesTypesDemo\ReferencesTypesDemo.csproj", "{893A290E-2881-40DA-A15E-48CDC8881E56}"
EndProject
Project("{FAE04EC0-301F-11D3-BF4B-00C04F79EFBC}") = "Constructors", "Constructors\Constructors.csproj", "{8E4AAAA1-1C2C-4D49-A961-4C9F36B8BDF2}"
EndProject
Global
	GlobalSection(SolutionConfigurationPlatforms) = preSolution
		Debug|Any CPU = Debug|Any CPU
		Release|Any CPU = Release|Any CPU
	EndGlobalSection
	GlobalSection(ProjectConfigurationPlatforms) = postSolution
		{132ED144-47DC-423E-9467-875A88305774}.Debug|Any CPU.ActiveCfg = Debug|Any CPU
		{132ED144-47DC-423E-9467-875A88305774}.Debug|Any CPU.Build.0 = Debug|Any CPU
		{132ED144-47DC-423E-9467-875A88305774}.Release|Any CPU.ActiveCfg = Release|Any CPU
		{132ED144-47DC-423E-9467-875A88305774}.Release|Any CPU.Build.0 = Release|Any CPU
		{E4746470-BF04-4433-BDAD-1F4005ECB66C}.Debug|Any CPU.ActiveCfg = Debug|Any CPU
		{E4746470-BF04-4433-BDAD-1F4005ECB66C}.Debug|Any CPU.Build.0 = Debug|Any CPU
		{E4746470-BF04-4433-BDAD-1F4005ECB66C}.Release|Any CPU.ActiveCfg = Release|Any CPU
		{E4746470-BF04-4433-BDAD-1F4005ECB66C}.Release|Any CPU.Build.0 = Release|Any CPU
		{DF841EE4-954F-42F3-B91B-A21AD377150C}.Debug|Any CPU.ActiveCfg = Debug|Any CPU
		{DF841EE4-954F-42F3-B91B-A21AD377150C}.Debug|Any CPU.Build.0 = Debug|Any CPU
		{DF841EE4-954F-42F3-B91B-A21AD377150C}.Release|Any CPU.ActiveCfg = Release|Any CPU
		{DF841EE4-954F-42F3-B91B-A21AD377150C}.Release|Any CPU.Build.0 = Release|Any CPU
		{C7CF913E-C697-45A9-A99B-67B34002D4E5}.Debug|Any CPU.ActiveCfg = Debug|Any CPU
		{C7CF913E-C697-45A9-A99B-67B34002D4E5}.Debug|Any CPU.Build.0 = Debug|Any CPU
		{C7CF913E-C697-45A9-A99B-67B34002D4E5}.Release|Any CPU.ActiveCfg = Release|Any CPU
		{C7CF913E-C697-45A9-A99B-67B34002D4E5}.Release|Any CPU.Build.0 = Release|Any CPU
		{893A290E-2881-40DA-A15E-48CDC8881E56}.Debug|Any CPU.ActiveCfg = Debug|Any CPU
		{893A290E-2881-40DA-A15E-48CDC8881E56}.Debug|Any CPU.Build.0 = Debug|Any CPU
		{893A290E-2881-40DA-A15E-48CDC8881E56}.Release|Any CPU.ActiveCfg = Release|Any CPU
		{893A290E-2881-40DA-A15E-48CDC8881E56}.Release|Any CPU.Build.0 = Release|Any CPU
		{8E4AAAA1-1C2C-4D49-A961-4C9F36B8BDF2}.Debug|Any CPU.ActiveCfg = Debug|Any CPU
		{8E4AAAA1-1C2C-4D49-A961-4C9F36B8BDF2}.Debug|Any CPU.Build.0 = Debug|Any CPU
		{8E4AAAA1-1C2C-4D49-A961-4C9F36B8BDF2}.Release|Any CPU.ActiveCfg = Release|Any CPU
		{8E4AAAA1-1C2C-4D49-A961-4C9F36B8BDF2}.Release|Any CPU.Build.0 = Release|Any CPU
	EndGlobalSection
	GlobalSection(SolutionProperties) = preSolution
		HideSolutionNode = FALSE
	EndGlobalSection
	GlobalSection(ExtensibilityGlobals) = postSolution
		SolutionGuid = {5CBDF60E-E94D-4202-9145-7E4C38869B2A}
	EndGlobalSection
EndGlobal
