
Microsoft Visual Studio Solution File, Format Version 12.00
# Visual Studio Version 17
VisualStudioVersion = 17.5.33502.453
MinimumVisualStudioVersion = 10.0.40219.1
Project("{9A19103F-16F7-4668-BE54-9A1E7A4F7556}") = "OOP1", "OOP1\OOP1.csproj", "{132ED144-47DC-423E-9467-875A88305774}"
EndProject
Project("{9A19103F-16F7-4668-BE54-9A1E7A4F7556}") = "Collections", "Collections\Collections.csproj", "{E4746470-BF04-4433-BDAD-1F4005ECB66C}"
EndProject
Project("{9A19103F-16F7-4668-BE54-9A1E7A4F7556}") = "GenericsIntro", "GenericsIntro\GenericsIntro.csproj", "{DF841EE4-954F-42F3-B91B-A21AD377150C}"
EndProject
Project("{9A19103F-16F7-4668-BE54-9A1E7A4F7556}") = "ReferencesTypes", "ReferencesTypes\ReferencesTypes.csproj", "{C7CF913E-C697-45A9-A99B-67B34002D4E5}"
EndProject
Project("{9A19103F-16F7-4668-BE54-9A1E7A4F7556}") = "ReferencesTypesDemo", "ReferencesTypesDemo\ReferencesTypesDemo.csproj", "{893A290E-2881-40DA-A15E-48CDC8881E56}"
EndProject
Project("{9A19103F-16F7-4668-BE54-9A1E7A4F7556}") = "Constructors", "Constructors\Constructors.csproj", "{8E4AAAA1-1C2C-4D49-A961-4C9F36B8BDF2}"
EndProject
Project("{9A19103F-16F7-4668-BE54-9A1E7A4F7556}") = "Generics", "Generics\Generics.csproj", "{E65F7246-EE9D-442B-AA38-5D9492A380DF}"
EndProject
Project("{9A19103F-16F7-4668-BE54-9A1E7A4F7556}") = "MyDictionaryGenericProject", "MyDictionaryGenericProject\MyDictionaryGenericProject.csproj", "{9B837E04-7925-4AE7-A2D5-B4BF48AF4B01}"
EndProject
Project("{9A19103F-16F7-4668-BE54-9A1E7A4F7556}") = "OOP2", "OOP2\OOP2.csproj", "{16E16103-6063-4C9E-8876-792CFD272901}"
EndProject
Project("{9A19103F-16F7-4668-BE54-9A1E7A4F7556}") = "OOP3", "OOP3\OOP3.csproj", "{9FDD428D-1018-44E6-A24F-9E06E4B557EE}"
EndProject
Project("{9A19103F-16F7-4668-BE54-9A1E7A4F7556}") = "Classes", "Classes\Classes.csproj", "{8BB256CA-A700-4B40-BF25-FBAEC50A1EE4}"
EndProject
Project("{9A19103F-16F7-4668-BE54-9A1E7A4F7556}") = "Interfaces", "Interfaces\Interfaces.csproj", "{7CC3AE5A-5937-4176-AEDE-8970E73837CB}"
EndProject
Project("{9A19103F-16F7-4668-BE54-9A1E7A4F7556}") = "InterfacesDemo", "InterfacesDemo\InterfacesDemo.csproj", "{BD9774D3-980C-4D16-A8AE-79F1C413ED45}"
EndProject
Project("{9A19103F-16F7-4668-BE54-9A1E7A4F7556}") = "Inheritance", "Inheritance\Inheritance.csproj", "{BA5B77FF-64C6-4D1F-90A6-A196EECAAF45}"
EndProject
Project("{9A19103F-16F7-4668-BE54-9A1E7A4F7556}") = "InterfacesReCapCalısma", "InterfacesReCapCalısma\InterfacesReCapCalısma.csproj", "{51D1BCD1-C0D9-47B1-A6F0-A038FE849C84}"
EndProject
Project("{9A19103F-16F7-4668-BE54-9A1E7A4F7556}") = "InterfaceAbstractDemo", "InterfaceAbstractDemo\InterfaceAbstractDemo.csproj", "{B6B77463-D2C1-4388-A5AB-99E771E44C53}"
EndProject
Project("{9A19103F-16F7-4668-BE54-9A1E7A4F7556}") = "GamerManageApp", "GamerManageApp\GamerManageApp.csproj", "{27BF7FDE-F1D9-490E-A9C3-67CCEFEAF9FA}"
EndProject
Project("{FAE04EC0-301F-11D3-BF4B-00C04F79EFBC}") = "RecapDemoGameProject", "RecapDemoGameProject\RecapDemoGameProject.csproj", "{A5B4E389-D61D-4F00-9114-95E15979664C}"
EndProject
Global
	GlobalSection(SolutionConfigurationPlatforms) = preSolution
		Debug|Any CPU = Debug|Any CPU
		Release|Any CPU = Release|Any CPU
	EndGlobalSection
	GlobalSection(ProjectConfigurationPlatforms) = postSolution
		{132ED144-47DC-423E-9467-875A88305774}.Debug|Any CPU.ActiveCfg = Debug|Any CPU
		{132ED144-47DC-423E-9467-875A88305774}.Debug|Any CPU.Build.0 = Debug|Any CPU
		{132ED144-47DC-423E-9467-875A88305774}.Release|Any CPU.ActiveCfg = Release|Any CPU
		{132ED144-47DC-423E-9467-875A88305774}.Release|Any CPU.Build.0 = Release|Any CPU
		{E4746470-BF04-4433-BDAD-1F4005ECB66C}.Debug|Any CPU.ActiveCfg = Debug|Any CPU
		{E4746470-BF04-4433-BDAD-1F4005ECB66C}.Debug|Any CPU.Build.0 = Debug|Any CPU
		{E4746470-BF04-4433-BDAD-1F4005ECB66C}.Release|Any CPU.ActiveCfg = Release|Any CPU
		{E4746470-BF04-4433-BDAD-1F4005ECB66C}.Release|Any CPU.Build.0 = Release|Any CPU
		{DF841EE4-954F-42F3-B91B-A21AD377150C}.Debug|Any CPU.ActiveCfg = Debug|Any CPU
		{DF841EE4-954F-42F3-B91B-A21AD377150C}.Debug|Any CPU.Build.0 = Debug|Any CPU
		{DF841EE4-954F-42F3-B91B-A21AD377150C}.Release|Any CPU.ActiveCfg = Release|Any CPU
		{DF841EE4-954F-42F3-B91B-A21AD377150C}.Release|Any CPU.Build.0 = Release|Any CPU
		{C7CF913E-C697-45A9-A99B-67B34002D4E5}.Debug|Any CPU.ActiveCfg = Debug|Any CPU
		{C7CF913E-C697-45A9-A99B-67B34002D4E5}.Debug|Any CPU.Build.0 = Debug|Any CPU
		{C7CF913E-C697-45A9-A99B-67B34002D4E5}.Release|Any CPU.ActiveCfg = Release|Any CPU
		{C7CF913E-C697-45A9-A99B-67B34002D4E5}.Release|Any CPU.Build.0 = Release|Any CPU
		{893A290E-2881-40DA-A15E-48CDC8881E56}.Debug|Any CPU.ActiveCfg = Debug|Any CPU
		{893A290E-2881-40DA-A15E-48CDC8881E56}.Debug|Any CPU.Build.0 = Debug|Any CPU
		{893A290E-2881-40DA-A15E-48CDC8881E56}.Release|Any CPU.ActiveCfg = Release|Any CPU
		{893A290E-2881-40DA-A15E-48CDC8881E56}.Release|Any CPU.Build.0 = Release|Any CPU
		{8E4AAAA1-1C2C-4D49-A961-4C9F36B8BDF2}.Debug|Any CPU.ActiveCfg = Debug|Any CPU
		{8E4AAAA1-1C2C-4D49-A961-4C9F36B8BDF2}.Debug|Any CPU.Build.0 = Debug|Any CPU
		{8E4AAAA1-1C2C-4D49-A961-4C9F36B8BDF2}.Release|Any CPU.ActiveCfg = Release|Any CPU
		{8E4AAAA1-1C2C-4D49-A961-4C9F36B8BDF2}.Release|Any CPU.Build.0 = Release|Any CPU
		{E65F7246-EE9D-442B-AA38-5D9492A380DF}.Debug|Any CPU.ActiveCfg = Debug|Any CPU
		{E65F7246-EE9D-442B-AA38-5D9492A380DF}.Debug|Any CPU.Build.0 = Debug|Any CPU
		{E65F7246-EE9D-442B-AA38-5D9492A380DF}.Release|Any CPU.ActiveCfg = Release|Any CPU
		{E65F7246-EE9D-442B-AA38-5D9492A380DF}.Release|Any CPU.Build.0 = Release|Any CPU
		{9B837E04-7925-4AE7-A2D5-B4BF48AF4B01}.Debug|Any CPU.ActiveCfg = Debug|Any CPU
		{9B837E04-7925-4AE7-A2D5-B4BF48AF4B01}.Debug|Any CPU.Build.0 = Debug|Any CPU
		{9B837E04-7925-4AE7-A2D5-B4BF48AF4B01}.Release|Any CPU.ActiveCfg = Release|Any CPU
		{9B837E04-7925-4AE7-A2D5-B4BF48AF4B01}.Release|Any CPU.Build.0 = Release|Any CPU
		{16E16103-6063-4C9E-8876-792CFD272901}.Debug|Any CPU.ActiveCfg = Debug|Any CPU
		{16E16103-6063-4C9E-8876-792CFD272901}.Debug|Any CPU.Build.0 = Debug|Any CPU
		{16E16103-6063-4C9E-8876-792CFD272901}.Release|Any CPU.ActiveCfg = Release|Any CPU
		{16E16103-6063-4C9E-8876-792CFD272901}.Release|Any CPU.Build.0 = Release|Any CPU
		{9FDD428D-1018-44E6-A24F-9E06E4B557EE}.Debug|Any CPU.ActiveCfg = Debug|Any CPU
		{9FDD428D-1018-44E6-A24F-9E06E4B557EE}.Debug|Any CPU.Build.0 = Debug|Any CPU
		{9FDD428D-1018-44E6-A24F-9E06E4B557EE}.Release|Any CPU.ActiveCfg = Release|Any CPU
		{9FDD428D-1018-44E6-A24F-9E06E4B557EE}.Release|Any CPU.Build.0 = Release|Any CPU
		{8BB256CA-A700-4B40-BF25-FBAEC50A1EE4}.Debug|Any CPU.ActiveCfg = Debug|Any CPU
		{8BB256CA-A700-4B40-BF25-FBAEC50A1EE4}.Debug|Any CPU.Build.0 = Debug|Any CPU
		{8BB256CA-A700-4B40-BF25-FBAEC50A1EE4}.Release|Any CPU.ActiveCfg = Release|Any CPU
		{8BB256CA-A700-4B40-BF25-FBAEC50A1EE4}.Release|Any CPU.Build.0 = Release|Any CPU
		{7CC3AE5A-5937-4176-AEDE-8970E73837CB}.Debug|Any CPU.ActiveCfg = Debug|Any CPU
		{7CC3AE5A-5937-4176-AEDE-8970E73837CB}.Debug|Any CPU.Build.0 = Debug|Any CPU
		{7CC3AE5A-5937-4176-AEDE-8970E73837CB}.Release|Any CPU.ActiveCfg = Release|Any CPU
		{7CC3AE5A-5937-4176-AEDE-8970E73837CB}.Release|Any CPU.Build.0 = Release|Any CPU
		{BD9774D3-980C-4D16-A8AE-79F1C413ED45}.Debug|Any CPU.ActiveCfg = Debug|Any CPU
		{BD9774D3-980C-4D16-A8AE-79F1C413ED45}.Debug|Any CPU.Build.0 = Debug|Any CPU
		{BD9774D3-980C-4D16-A8AE-79F1C413ED45}.Release|Any CPU.ActiveCfg = Release|Any CPU
		{BD9774D3-980C-4D16-A8AE-79F1C413ED45}.Release|Any CPU.Build.0 = Release|Any CPU
		{BA5B77FF-64C6-4D1F-90A6-A196EECAAF45}.Debug|Any CPU.ActiveCfg = Debug|Any CPU
		{BA5B77FF-64C6-4D1F-90A6-A196EECAAF45}.Debug|Any CPU.Build.0 = Debug|Any CPU
		{BA5B77FF-64C6-4D1F-90A6-A196EECAAF45}.Release|Any CPU.ActiveCfg = Release|Any CPU
		{BA5B77FF-64C6-4D1F-90A6-A196EECAAF45}.Release|Any CPU.Build.0 = Release|Any CPU
		{51D1BCD1-C0D9-47B1-A6F0-A038FE849C84}.Debug|Any CPU.ActiveCfg = Debug|Any CPU
		{51D1BCD1-C0D9-47B1-A6F0-A038FE849C84}.Debug|Any CPU.Build.0 = Debug|Any CPU
		{51D1BCD1-C0D9-47B1-A6F0-A038FE849C84}.Release|Any CPU.ActiveCfg = Release|Any CPU
		{51D1BCD1-C0D9-47B1-A6F0-A038FE849C84}.Release|Any CPU.Build.0 = Release|Any CPU
		{B6B77463-D2C1-4388-A5AB-99E771E44C53}.Debug|Any CPU.ActiveCfg = Debug|Any CPU
		{B6B77463-D2C1-4388-A5AB-99E771E44C53}.Debug|Any CPU.Build.0 = Debug|Any CPU
		{B6B77463-D2C1-4388-A5AB-99E771E44C53}.Release|Any CPU.ActiveCfg = Release|Any CPU
		{B6B77463-D2C1-4388-A5AB-99E771E44C53}.Release|Any CPU.Build.0 = Release|Any CPU
		{27BF7FDE-F1D9-490E-A9C3-67CCEFEAF9FA}.Debug|Any CPU.ActiveCfg = Debug|Any CPU
		{27BF7FDE-F1D9-490E-A9C3-67CCEFEAF9FA}.Debug|Any CPU.Build.0 = Debug|Any CPU
		{27BF7FDE-F1D9-490E-A9C3-67CCEFEAF9FA}.Release|Any CPU.ActiveCfg = Release|Any CPU
		{27BF7FDE-F1D9-490E-A9C3-67CCEFEAF9FA}.Release|Any CPU.Build.0 = Release|Any CPU
		{A5B4E389-D61D-4F00-9114-95E15979664C}.Debug|Any CPU.ActiveCfg = Debug|Any CPU
		{A5B4E389-D61D-4F00-9114-95E15979664C}.Debug|Any CPU.Build.0 = Debug|Any CPU
		{A5B4E389-D61D-4F00-9114-95E15979664C}.Release|Any CPU.ActiveCfg = Release|Any CPU
		{A5B4E389-D61D-4F00-9114-95E15979664C}.Release|Any CPU.Build.0 = Release|Any CPU
	EndGlobalSection
	GlobalSection(SolutionProperties) = preSolution
		HideSolutionNode = FALSE
	EndGlobalSection
	GlobalSection(ExtensibilityGlobals) = postSolution
		SolutionGuid = {5CBDF60E-E94D-4202-9145-7E4C38869B2A}
	EndGlobalSection
EndGlobal
